<?xml version="1.0" encoding="utf-8"?>
<Project ToolsVersion="4.0" xmlns="http://schemas.microsoft.com/developer/msbuild/2003">
  <ItemGroup>
    <Filter Include="Source Files">
      <UniqueIdentifier>{4FC737F1-C7A5-4376-A066-2A32D752A2FF}</UniqueIdentifier>
      <Extensions>cpp;c;cc;cxx;def;odl;idl;hpj;bat;asm;asmx</Extensions>
    </Filter>
    <Filter Include="Header Files">
      <UniqueIdentifier>{93995380-89BD-4b04-88EB-625FBE52EBFB}</UniqueIdentifier>
      <Extensions>h;hh;hpp;hxx;hm;inl;inc;xsd</Extensions>
    </Filter>
    <Filter Include="Resource Files">
      <UniqueIdentifier>{67DA6AB6-F800-4c08-8B7A-83BB121AAD01}</UniqueIdentifier>
      <Extensions>rc;ico;cur;bmp;dlg;rc2;rct;bin;rgs;gif;jpg;jpeg;jpe;resx;tiff;tif;png;wav;mfcribbon-ms</Extensions>
    </Filter>
  </ItemGroup>
  <ItemGroup>
    <None Include="TrainControl.ino" />
  </ItemGroup>
  <ItemGroup>
    <ClInclude Include="Visual Micro\.TrainControl.vsarduino.h">
      <Filter>Header Files</Filter>
    </ClInclude>
    <ClInclude Include="TCAssert.h">
      <Filter>Header Files</Filter>
    </ClInclude>
    <ClInclude Include="TCModule.h">
      <Filter>Header Files</Filter>
    </ClInclude>
    <ClInclude Include="TCUtilities.h">
      <Filter>Header Files</Filter>
    </ClInclude>
    <ClInclude Include="TCDigitalIO.h">
      <Filter>Header Files</Filter>
    </ClInclude>
    <ClInclude Include="TCConfig.h">
      <Filter>Header Files</Filter>
    </ClInclude>
    <ClInclude Include="TCState.h">
      <Filter>Header Files</Filter>
    </ClInclude>
    <ClInclude Include="TCLED.h">
      <Filter>Header Files</Filter>
    </ClInclude>
    <ClInclude Include="TCDCCProtocol.h">
      <Filter>Header Files</Filter>
    </ClInclude>
    <ClInclude Include="TCDCCPacket.h">
      <Filter>Header Files</Filter>
    </ClInclude>
    <ClInclude Include="TCCANBus.h">
      <Filter>Header Files</Filter>
    </ClInclude>
    <ClInclude Include="TCCommon.h">
      <Filter>Header Files</Filter>
    </ClInclude>
    <ClInclude Include="TCControlSwitch.h">
      <Filter>Header Files</Filter>
    </ClInclude>
    <ClInclude Include="TCTurnout.h">
      <Filter>Header Files</Filter>
    </ClInclude>
    <ClInclude Include="TCAction.h">
      <Filter>Header Files</Filter>
    </ClInclude>
    <ClInclude Include="TCSerial.h">
      <Filter>Header Files</Filter>
    </ClInclude>
  </ItemGroup>
  <ItemGroup>
    <ClCompile Include="TCAssert.cpp">
      <Filter>Source Files</Filter>
    </ClCompile>
    <ClCompile Include="TCModule.cpp">
      <Filter>Source Files</Filter>
    </ClCompile>
    <ClCompile Include="TCUtilities.cpp">
      <Filter>Source Files</Filter>
    </ClCompile>
    <ClCompile Include="TCDigitalIO.cpp">
      <Filter>Source Files</Filter>
    </ClCompile>
    <ClCompile Include="TCConfig.cpp">
      <Filter>Source Files</Filter>
    </ClCompile>
    <ClCompile Include="TCState.cpp">
      <Filter>Source Files</Filter>
    </ClCompile>
    <ClCompile Include="TCLED.cpp">
      <Filter>Source Files</Filter>
    </ClCompile>
    <ClCompile Include="TCDCCProtocol.cpp">
      <Filter>Source Files</Filter>
    </ClCompile>
    <ClCompile Include="TCDCCPacket.cpp">
      <Filter>Source Files</Filter>
    </ClCompile>
    <ClCompile Include="TCCANBus.cpp">
      <Filter>Source Files</Filter>
    </ClCompile>
    <ClCompile Include="TCControlSwitch.cpp">
      <Filter>Source Files</Filter>
    </ClCompile>
    <ClCompile Include="TCTurnout.cpp">
      <Filter>Source Files</Filter>
    </ClCompile>
    <ClCompile Include="TCAction.cpp">
      <Filter>Source Files</Filter>
    </ClCompile>
    <ClCompile Include="TCSerial.cpp">
      <Filter>Source Files</Filter>
    </ClCompile>
  </ItemGroup>
</Project>